{
  "pins" : [
    {
      "identity" : "statement",
      "kind" : "remoteSourceControl",
      "location" : "https://github.com/richardpiazza/Statement.git",
      "state" : {
        "revision" : "cad6e6081c678b19b8140ad2afb8e5465eb99e97",
        "version" : "0.7.1"
      }
    }
  ],
  "version" : 2
}
